
Microsoft Visual Studio Solution File, Format Version 12.00
# Visual Studio Version 16
VisualStudioVersion = 16.0.29926.136
MinimumVisualStudioVersion = 10.0.40219.1
Project("{FAE04EC0-301F-11D3-BF4B-00C04F79EFBC}") = "ListadoOrdenes", "ListadoOrdenes\ListadoOrdenes.csproj", "{B9B642A8-3715-4F69-9995-D3D9C2B7D628}"
EndProject
Global
	GlobalSection(SolutionConfigurationPlatforms) = preSolution
		Debug|Any CPU = Debug|Any CPU
		Release|Any CPU = Release|Any CPU
	EndGlobalSection
	GlobalSection(ProjectConfigurationPlatforms) = postSolution
		{B9B642A8-3715-4F69-9995-D3D9C2B7D628}.Debug|Any CPU.ActiveCfg = Debug|Any CPU
		{B9B642A8-3715-4F69-9995-D3D9C2B7D628}.Debug|Any CPU.Build.0 = Debug|Any CPU
		{B9B642A8-3715-4F69-9995-D3D9C2B7D628}.Release|Any CPU.ActiveCfg = Release|Any CPU
		{B9B642A8-3715-4F69-9995-D3D9C2B7D628}.Release|Any CPU.Build.0 = Release|Any CPU
	EndGlobalSection
	GlobalSection(SolutionProperties) = preSolution
		HideSolutionNode = FALSE
	EndGlobalSection
	GlobalSection(ExtensibilityGlobals) = postSolution
		SolutionGuid = {FCED6C88-0A4A-425E-A8C4-EF9F9D68A7A9}
	EndGlobalSection
EndGlobal
